
Microsoft Visual Studio Solution File, Format Version 12.00
# Visual Studio Version 17
VisualStudioVersion = 17.11.35327.3
MinimumVisualStudioVersion = 10.0.40219.1
Project("{FAE04EC0-301F-11D3-BF4B-00C04F79EFBC}") = "ExerciciosCSharp", "ExerciciosCSharp\ExerciciosCSharp.csproj", "{32CB20BF-E1E2-4515-9ADC-9F4F3D17DB96}"
EndProject
Global
	GlobalSection(SolutionConfigurationPlatforms) = preSolution
		Debug|Any CPU = Debug|Any CPU
		Release|Any CPU = Release|Any CPU
	EndGlobalSection
	GlobalSection(ProjectConfigurationPlatforms) = postSolution
		{32CB20BF-E1E2-4515-9ADC-9F4F3D17DB96}.Debug|Any CPU.ActiveCfg = Debug|Any CPU
		{32CB20BF-E1E2-4515-9ADC-9F4F3D17DB96}.Debug|Any CPU.Build.0 = Debug|Any CPU
		{32CB20BF-E1E2-4515-9ADC-9F4F3D17DB96}.Release|Any CPU.ActiveCfg = Release|Any CPU
		{32CB20BF-E1E2-4515-9ADC-9F4F3D17DB96}.Release|Any CPU.Build.0 = Release|Any CPU
	EndGlobalSection
	GlobalSection(SolutionProperties) = preSolution
		HideSolutionNode = FALSE
	EndGlobalSection
	GlobalSection(ExtensibilityGlobals) = postSolution
		SolutionGuid = {3E07EB10-D3B7-42C9-94A0-FAAC1642E6A4}
	EndGlobalSection
EndGlobal
